
Microsoft Visual Studio Solution File, Format Version 12.00
# Visual Studio Version 17
VisualStudioVersion = 17.13.35825.156 d17.13
MinimumVisualStudioVersion = 10.0.40219.1
Project("{FAE04EC0-301F-11D3-BF4B-00C04F79EFBC}") = "Practice_03", "Practice_03\Practice_03.csproj", "{1DE8EC0C-BFC4-4A59-9A78-8D655B5E5CC6}"
EndProject
Global
	GlobalSection(SolutionConfigurationPlatforms) = preSolution
		Debug|Any CPU = Debug|Any CPU
		Release|Any CPU = Release|Any CPU
	EndGlobalSection
	GlobalSection(ProjectConfigurationPlatforms) = postSolution
		{1DE8EC0C-BFC4-4A59-9A78-8D655B5E5CC6}.Debug|Any CPU.ActiveCfg = Debug|Any CPU
		{1DE8EC0C-BFC4-4A59-9A78-8D655B5E5CC6}.Debug|Any CPU.Build.0 = Debug|Any CPU
		{1DE8EC0C-BFC4-4A59-9A78-8D655B5E5CC6}.Release|Any CPU.ActiveCfg = Release|Any CPU
		{1DE8EC0C-BFC4-4A59-9A78-8D655B5E5CC6}.Release|Any CPU.Build.0 = Release|Any CPU
	EndGlobalSection
	GlobalSection(SolutionProperties) = preSolution
		HideSolutionNode = FALSE
	EndGlobalSection
	GlobalSection(ExtensibilityGlobals) = postSolution
		SolutionGuid = {315CFBF8-99CB-4403-9DA6-2EE10E2F6761}
	EndGlobalSection
EndGlobal
